<?xml version="1.0" encoding="utf-8"?>
<Project ToolsVersion="4.0" xmlns="http://schemas.microsoft.com/developer/msbuild/2003">
  <ItemGroup>
    <Filter Include="Source Files">
      <UniqueIdentifier>{4FC737F1-C7A5-4376-A066-2A32D752A2FF}</UniqueIdentifier>
      <Extensions>cpp;c;cc;cxx;def;odl;idl;hpj;bat;asm;asmx</Extensions>
    </Filter>
    <Filter Include="Header Files">
      <UniqueIdentifier>{93995380-89BD-4b04-88EB-625FBE52EBFB}</UniqueIdentifier>
      <Extensions>h;hh;hpp;hxx;hm;inl;inc;ipp;xsd</Extensions>
    </Filter>
    <Filter Include="Resource Files">
      <UniqueIdentifier>{67DA6AB6-F800-4c08-8B7A-83BB121AAD01}</UniqueIdentifier>
      <Extensions>rc;ico;cur;bmp;dlg;rc2;rct;bin;rgs;gif;jpg;jpeg;jpe;resx;tiff;tif;png;wav;mfcribbon-ms</Extensions>
    </Filter>
  </ItemGroup>
  <ItemGroup>
    <ClInclude Include="..\..\matrixProjection\matrixProjection\src\cameraSimple.h">
      <Filter>Source Files</Filter>
    </ClInclude>
    <ClInclude Include="..\..\matrixProjection\matrixProjection\src\Controller.h">
      <Filter>Source Files</Filter>
    </ClInclude>
    <ClInclude Include="..\..\matrixProjection\matrixProjection\src\ControllerFormGL.h">
      <Filter>Source Files</Filter>
    </ClInclude>
    <ClInclude Include="..\..\matrixProjection\matrixProjection\src\ControllerGL.h">
      <Filter>Source Files</Filter>
    </ClInclude>
    <ClInclude Include="..\..\matrixProjection\matrixProjection\src\ControllerMain.h">
      <Filter>Source Files</Filter>
    </ClInclude>
    <ClInclude Include="..\..\matrixProjection\matrixProjection\src\Controls.h">
      <Filter>Source Files</Filter>
    </ClInclude>
    <ClInclude Include="..\..\matrixProjection\matrixProjection\src\DialogWindow.h">
      <Filter>Source Files</Filter>
    </ClInclude>
    <ClInclude Include="..\..\matrixProjection\matrixProjection\src\Log.h">
      <Filter>Source Files</Filter>
    </ClInclude>
    <ClInclude Include="..\..\matrixProjection\matrixProjection\src\logResource.h">
      <Filter>Source Files</Filter>
    </ClInclude>
    <ClInclude Include="..\..\matrixProjection\matrixProjection\src\ModelGL.h">
      <Filter>Source Files</Filter>
    </ClInclude>
    <ClInclude Include="..\..\matrixProjection\matrixProjection\src\procedure.h">
      <Filter>Source Files</Filter>
    </ClInclude>
    <ClInclude Include="..\..\matrixProjection\matrixProjection\src\resource.h">
      <Filter>Source Files</Filter>
    </ClInclude>
    <ClInclude Include="..\..\matrixProjection\matrixProjection\src\Vectors.h">
      <Filter>Source Files</Filter>
    </ClInclude>
    <ClInclude Include="..\..\matrixProjection\matrixProjection\src\ViewFormGL.h">
      <Filter>Source Files</Filter>
    </ClInclude>
    <ClInclude Include="..\..\matrixProjection\matrixProjection\src\ViewGL.h">
      <Filter>Source Files</Filter>
    </ClInclude>
    <ClInclude Include="..\..\matrixProjection\matrixProjection\src\wcharUtil.h">
      <Filter>Source Files</Filter>
    </ClInclude>
    <ClInclude Include="..\..\matrixProjection\matrixProjection\src\Window.h">
      <Filter>Source Files</Filter>
    </ClInclude>
  </ItemGroup>
  <ItemGroup>
    <ClCompile Include="..\..\matrixProjection\matrixProjection\src\Controller.cpp">
      <Filter>Source Files</Filter>
    </ClCompile>
    <ClCompile Include="..\..\matrixProjection\matrixProjection\src\ControllerFormGL.cpp">
      <Filter>Source Files</Filter>
    </ClCompile>
    <ClCompile Include="..\..\matrixProjection\matrixProjection\src\ControllerGL.cpp">
      <Filter>Source Files</Filter>
    </ClCompile>
    <ClCompile Include="..\..\matrixProjection\matrixProjection\src\ControllerMain.cpp">
      <Filter>Source Files</Filter>
    </ClCompile>
    <ClCompile Include="..\..\matrixProjection\matrixProjection\src\DialogWindow.cpp">
      <Filter>Source Files</Filter>
    </ClCompile>
    <ClCompile Include="..\..\matrixProjection\matrixProjection\src\Log.cpp">
      <Filter>Source Files</Filter>
    </ClCompile>
    <ClCompile Include="..\..\matrixProjection\matrixProjection\src\main.cpp">
      <Filter>Source Files</Filter>
    </ClCompile>
    <ClCompile Include="..\..\matrixProjection\matrixProjection\src\ModelGL.cpp">
      <Filter>Source Files</Filter>
    </ClCompile>
    <ClCompile Include="..\..\matrixProjection\matrixProjection\src\procedure.cpp">
      <Filter>Source Files</Filter>
    </ClCompile>
    <ClCompile Include="..\..\matrixProjection\matrixProjection\src\ViewFormGL.cpp">
      <Filter>Source Files</Filter>
    </ClCompile>
    <ClCompile Include="..\..\matrixProjection\matrixProjection\src\ViewGL.cpp">
      <Filter>Source Files</Filter>
    </ClCompile>
    <ClCompile Include="..\..\matrixProjection\matrixProjection\src\wcharUtil.cpp">
      <Filter>Source Files</Filter>
    </ClCompile>
    <ClCompile Include="..\..\matrixProjection\matrixProjection\src\Window.cpp">
      <Filter>Source Files</Filter>
    </ClCompile>
  </ItemGroup>
  <ItemGroup>
    <Manifest Include="..\..\matrixProjection\matrixProjection\src\matrixProjection.exe.manifest">
      <Filter>Source Files</Filter>
    </Manifest>
  </ItemGroup>
  <ItemGroup>
    <ResourceCompile Include="..\..\matrixProjection\matrixProjection\src\matrixProjection.rc">
      <Filter>Source Files</Filter>
    </ResourceCompile>
  </ItemGroup>
</Project>